<?xml version="1.0" encoding="utf-8"?>
<Project ToolsVersion="4.0" xmlns="http://schemas.microsoft.com/developer/msbuild/2003">
  <ItemGroup>
    <ApplicationDefinition Include="App.xaml" />
  </ItemGroup>
  <ItemGroup>
    <Page Include="MainWindow.xaml" />
    <Page Include="AudioSessionView.xaml" />
    <Page Include="SecondWindow.xaml" />
    <Page Include="HotKeyView.xaml" />
    <Page Include="Themes\Generic.xaml" />
    <Page Include="HotKeysViewer.xaml">
      <Filter>Controls</Filter>
    </Page>
  </ItemGroup>
  <ItemGroup>
    <Midl Include="App.idl" />
    <Midl Include="MainWindow.idl" />
  </ItemGroup>
  <ItemGroup>
    <ClCompile Include="pch.cpp" />
    <ClCompile Include="$(GeneratedFilesDir)module.g.cpp" />
    <ClCompile Include="AudioSession.cpp">
      <Filter>Audio</Filter>
    </ClCompile>
    <ClCompile Include="LegacyAudioController.cpp">
      <Filter>Audio</Filter>
    </ClCompile>
    <ClCompile Include="MainAudioEndpoint.cpp">
      <Filter>Audio</Filter>
    </ClCompile>
    <ClCompile Include="HotKeyManager.cpp">
      <Filter>System</Filter>
    </ClCompile>
    <ClCompile Include="HotKey.cpp">
      <Filter>System</Filter>
    </ClCompile>
    <ClCompile Include="KeyIcon.cpp">
      <Filter>Controls</Filter>
    </ClCompile>
    <ClCompile Include="LetterKeyIcon.cpp">
      <Filter>Controls</Filter>
    </ClCompile>
  </ItemGroup>
  <ItemGroup>
    <ClInclude Include="pch.h" />
    <ClInclude Include="AudioSession.h">
      <Filter>Audio</Filter>
    </ClInclude>
    <ClInclude Include="LegacyAudioController.h">
      <Filter>Audio</Filter>
    </ClInclude>
    <ClInclude Include="MainAudioEndpoint.h">
      <Filter>Audio</Filter>
    </ClInclude>
    <ClInclude Include="IComEventImplementation.h" />
    <ClInclude Include="HotKeyManager.h">
      <Filter>System</Filter>
    </ClInclude>
    <ClInclude Include="HotKey.h">
      <Filter>System</Filter>
    </ClInclude>
    <ClInclude Include="resource.h" />
  </ItemGroup>
  <ItemGroup>
    <Filter Include="Assets">
      <UniqueIdentifier>{e48dc53e-40b1-40cb-970a-f89935452892}</UniqueIdentifier>
    </Filter>
    <Filter Include="Audio">
      <UniqueIdentifier>{9a22920b-3507-4064-bd20-bc8f24939a27}</UniqueIdentifier>
    </Filter>
    <Filter Include="System">
      <UniqueIdentifier>{78036dd1-e109-4116-9bae-3b56bedb73a6}</UniqueIdentifier>
    </Filter>
    <Filter Include="Translations">
      <UniqueIdentifier>{c7557cbd-8373-4959-8b08-70cb664c7dc1}</UniqueIdentifier>
    </Filter>
    <Filter Include="Controls">
      <UniqueIdentifier>{575436b8-e91e-46a3-8497-892f793ad9b2}</UniqueIdentifier>
    </Filter>
  </ItemGroup>
  <ItemGroup>
    <Text Include="readme.txt" />
  </ItemGroup>
  <ItemGroup>
    <Manifest Include="app.manifest" />
  </ItemGroup>
  <ItemGroup>
    <None Include="packages.config" />
    <None Include="cpp.hint" />
  </ItemGroup>
  <ItemGroup>
    <Natvis Include="$(MSBuildThisFileDirectory)..\..\natvis\wil.natvis" />
  </ItemGroup>
  <ItemGroup>
    <PRIResource Include="Resources.lang-en-us.resw">
      <Filter>Translations</Filter>
    </PRIResource>
  </ItemGroup>
</Project>