<?xml version="1.0" encoding="utf-8"?>
<Project ToolsVersion="4.0" xmlns="http://schemas.microsoft.com/developer/msbuild/2003">
  <ItemGroup>
    <ApplicationDefinition Include="App.xaml" />
  </ItemGroup>
  <ItemGroup>
    <Page Include="Themes\Generic.xaml" />
    <Page Include="HotKeysViewer.xaml">
      <Filter>Controls</Filter>
    </Page>
    <Page Include="MessageBar.xaml">
      <Filter>Controls</Filter>
    </Page>
    <Page Include="HotKeyView.xaml">
      <Filter>Controls</Filter>
    </Page>
    <Page Include="AudioSessionView.xaml">
      <Filter>Controls</Filter>
    </Page>
    <Page Include="MainWindow.xaml">
      <Filter>Windows</Filter>
    </Page>
    <Page Include="SecondWindow.xaml">
      <Filter>Windows</Filter>
    </Page>
    <Page Include="SplashScreen.xaml">
      <Filter>Controls</Filter>
    </Page>
    <Page Include="HotKeysPage.xaml">
      <Filter>Pages</Filter>
    </Page>
    <Page Include="AudioProfilesPage.xaml">
      <Filter>Pages</Filter>
    </Page>
    <Page Include="SettingsPage.xaml">
      <Filter>Pages</Filter>
    </Page>
  </ItemGroup>
  <ItemGroup>
    <Midl Include="App.idl" />
    <Midl Include="MainWindow.idl" />
    <Midl Include="HotKeyViewModel.idl">
      <Filter>ViewModels</Filter>
    </Midl>
    <Midl Include="AudioProfile.idl">
      <Filter>ViewModels</Filter>
    </Midl>
    <Midl Include="NavigationBreadcrumbBarItem.idl">
      <Filter>ViewModels</Filter>
    </Midl>
  </ItemGroup>
  <ItemGroup>
    <ClCompile Include="pch.cpp" />
    <ClCompile Include="$(GeneratedFilesDir)module.g.cpp" />
    <ClCompile Include="AudioSession.cpp">
      <Filter>Audio</Filter>
    </ClCompile>
    <ClCompile Include="LegacyAudioController.cpp">
      <Filter>Audio</Filter>
    </ClCompile>
    <ClCompile Include="MainAudioEndpoint.cpp">
      <Filter>Audio</Filter>
    </ClCompile>
    <ClCompile Include="HotKeyManager.cpp">
      <Filter>System</Filter>
    </ClCompile>
    <ClCompile Include="HotKey.cpp">
      <Filter>System</Filter>
    </ClCompile>
    <ClCompile Include="KeyIcon.cpp">
      <Filter>Controls</Filter>
    </ClCompile>
    <ClCompile Include="LetterKeyIcon.cpp">
      <Filter>Controls</Filter>
    </ClCompile>
  </ItemGroup>
  <ItemGroup>
    <ClInclude Include="pch.h" />
    <ClInclude Include="AudioSession.h">
      <Filter>Audio</Filter>
    </ClInclude>
    <ClInclude Include="LegacyAudioController.h">
      <Filter>Audio</Filter>
    </ClInclude>
    <ClInclude Include="MainAudioEndpoint.h">
      <Filter>Audio</Filter>
    </ClInclude>
    <ClInclude Include="HotKeyManager.h">
      <Filter>System</Filter>
    </ClInclude>
    <ClInclude Include="HotKey.h">
      <Filter>System</Filter>
    </ClInclude>
    <ClInclude Include="resource.h" />
    <ClInclude Include="IComEventImplementation.h">
      <Filter>System</Filter>
    </ClInclude>
  </ItemGroup>
  <ItemGroup>
    <Filter Include="Assets">
      <UniqueIdentifier>{e48dc53e-40b1-40cb-970a-f89935452892}</UniqueIdentifier>
    </Filter>
    <Filter Include="Audio">
      <UniqueIdentifier>{9a22920b-3507-4064-bd20-bc8f24939a27}</UniqueIdentifier>
    </Filter>
    <Filter Include="System">
      <UniqueIdentifier>{78036dd1-e109-4116-9bae-3b56bedb73a6}</UniqueIdentifier>
    </Filter>
    <Filter Include="Translations">
      <UniqueIdentifier>{c7557cbd-8373-4959-8b08-70cb664c7dc1}</UniqueIdentifier>
    </Filter>
    <Filter Include="Controls">
      <UniqueIdentifier>{575436b8-e91e-46a3-8497-892f793ad9b2}</UniqueIdentifier>
    </Filter>
    <Filter Include="Windows">
      <UniqueIdentifier>{43654ea6-5b0c-4f61-a9d9-61d4cf2a7a65}</UniqueIdentifier>
    </Filter>
    <Filter Include="Pages">
      <UniqueIdentifier>{4d4d00c7-80d1-4bd4-a866-c7b1fba101b8}</UniqueIdentifier>
    </Filter>
    <Filter Include="ViewModels">
      <UniqueIdentifier>{f8e93d22-f71a-4f6a-9fc1-3d01674f92d4}</UniqueIdentifier>
    </Filter>
  </ItemGroup>
  <ItemGroup>
    <Text Include="readme.txt" />
  </ItemGroup>
  <ItemGroup>
    <Manifest Include="app.manifest" />
  </ItemGroup>
  <ItemGroup>
    <None Include="packages.config" />
    <None Include="cpp.hint" />
  </ItemGroup>
  <ItemGroup>
    <Natvis Include="$(MSBuildThisFileDirectory)..\..\natvis\wil.natvis" />
  </ItemGroup>
  <ItemGroup>
    <PRIResource Include="Resources.lang-en-us.resw">
      <Filter>Translations</Filter>
    </PRIResource>
    <PRIResource Include="Resources.lang-fr-fr.resw">
      <Filter>Translations</Filter>
    </PRIResource>
  </ItemGroup>
</Project>